{
    "_readme": [
        "This file locks the dependencies of your project to a known state",
        "Read more about it at http://getcomposer.org/doc/01-basic-usage.md#composer-lock-the-lock-file"
    ],
    "hash": "0492ce0e6fff3f6d1f2e5674a91096d4",
    "packages": [
        {
            "name": "slim/slim",
            "version": "2.4.0",
            "source": {
                "type": "git",
                "url": "https://github.com/codeguy/Slim.git",
                "reference": "ff7d7148848fa4f45712984d7b91ac3cbced586b"
            },
            "dist": {
                "type": "zip",
                "url": "https://api.github.com/repos/codeguy/Slim/zipball/ff7d7148848fa4f45712984d7b91ac3cbced586b",
                "reference": "ff7d7148848fa4f45712984d7b91ac3cbced586b",
                "shasum": ""
            },
            "require": {
                "php": ">=5.3.0"
            },
            "suggest": {
                "ext-mcrypt": "Required for HTTP cookie encryption"
            },
            "type": "library",
            "autoload": {
                "psr-0": {
                    "Slim": "."
                }
            },
            "notification-url": "https://packagist.org/downloads/",
            "license": [
                "MIT"
            ],
            "authors": [
                {
                    "name": "Josh Lockhart",
                    "email": "info@joshlockhart.com",
                    "homepage": "http://www.joshlockhart.com/"
                }
            ],
            "description": "Slim Framework, a PHP micro framework",
            "homepage": "http://github.com/codeguy/Slim",
            "keywords": [
                "microframework",
                "rest",
                "router"
            ],
            "time": "2013-11-29 20:33:36"
        },
        {
            "name": "slim/views",
            "version": "0.1.1",
            "target-dir": "Slim/Views",
            "source": {
                "type": "git",
                "url": "https://github.com/codeguy/Slim-Views.git",
                "reference": "8c7e0f3067e5e10b7b4ca98f29bdef8d5cfe5371"
            },
            "dist": {
                "type": "zip",
                "url": "https://api.github.com/repos/codeguy/Slim-Views/zipball/8c7e0f3067e5e10b7b4ca98f29bdef8d5cfe5371",
                "reference": "8c7e0f3067e5e10b7b4ca98f29bdef8d5cfe5371",
                "shasum": ""
            },
            "require": {
                "php": ">=5.3.0",
                "slim/slim": ">=2.4.0"
            },
            "suggest": {
                "smarty/smarty": "Smarty templating system",
                "twig/twig": "Twig templating system"
            },
            "type": "library",
            "autoload": {
                "psr-0": {
                    "Slim\\Views": ""
                }
            },
            "notification-url": "https://packagist.org/downloads/",
            "license": [
                "MIT"
            ],
            "authors": [
                {
                    "name": "Andrew Smith",
                    "email": "a.smith@silentworks.co.uk",
                    "homepage": "http://thoughts.silentworks.co.uk/"
                },
                {
                    "name": "Josh Lockhart",
                    "email": "info@joshlockhart.com",
                    "homepage": "http://www.joshlockhart.com/"
                }
            ],
            "description": "Smarty and Twig View Parser package for the Slim Framework",
            "homepage": "http://github.com/codeguy/Slim-Views",
            "keywords": [
                "extensions",
                "slimphp",
                "templating"
            ],
            "time": "2013-12-08 10:18:35"
        },
        {
            "name": "smarty/smarty",
            "version": "v3.1.16",
            "source": {
                "type": "svn",
                "url": "http://smarty-php.googlecode.com/svn",
                "reference": "/tags/v3.1.16/@4802"
            },
            "require": {
                "php": ">=5.2"
            },
            "type": "library",
            "autoload": {
                "classmap": [
                    "distribution/libs/Smarty.class.php",
                    "distribution/libs/SmartyBC.class.php",
                    "distribution/libs/sysplugins/smarty_security.php"
                ]
            },
            "notification-url": "https://packagist.org/downloads/",
            "license": [
                "LGPL-3.0"
            ],
            "authors": [
                {
                    "name": "Monte Ohrt",
                    "email": "monte@ohrt.com"
                },
                {
                    "name": "Uwe Tews",
                    "email": "uwe.tews@googlemail.com"
                },
                {
                    "name": "Rodney Rehm",
                    "email": "rodney.rehm@medialize.de"
                }
            ],
            "description": "Smarty - the compiling PHP template engine",
            "homepage": "http://www.smarty.net",
            "keywords": [
                "templating"
            ],
            "time": "2013-12-17 16:56:58"
        }
    ],
    "packages-dev": [

    ],
    "aliases": [

    ],
    "minimum-stability": "stable",
    "stability-flags": [

    ],
    "platform": {
        "php": ">=5.3.0",
        "ext-pdo_mysql": "*",
        "ext-gettext": "*",
        "ext-mcrypt": "*"
    },
    "platform-dev": [

    ]
}
